// !$*UTF8*$!
{
	archiveVersion = 1;
	classes = {
	};
	objectVersion = 46;
	objects = {

/* Begin PBXBuildFile section */
		A34A023C1FE949E300763D78 /* ConversoresUITests.swift in Sources */ = {isa = PBXBuildFile; fileRef = A34A023B1FE949E300763D78 /* ConversoresUITests.swift */; };
		A369888C1FDD975900E8B97B /* AppDelegate.swift in Sources */ = {isa = PBXBuildFile; fileRef = A369888B1FDD975900E8B97B /* AppDelegate.swift */; };
		A369888E1FDD975900E8B97B /* ViewController.swift in Sources */ = {isa = PBXBuildFile; fileRef = A369888D1FDD975900E8B97B /* ViewController.swift */; };
		A36988911FDD975900E8B97B /* Main.storyboard in Resources */ = {isa = PBXBuildFile; fileRef = A369888F1FDD975900E8B97B /* Main.storyboard */; };
		A36988931FDD975900E8B97B /* Assets.xcassets in Resources */ = {isa = PBXBuildFile; fileRef = A36988921FDD975900E8B97B /* Assets.xcassets */; };
		A36988961FDD975900E8B97B /* LaunchScreen.storyboard in Resources */ = {isa = PBXBuildFile; fileRef = A36988941FDD975900E8B97B /* LaunchScreen.storyboard */; };
/* End PBXBuildFile section */

/* Begin PBXContainerItemProxy section */
		A34A023E1FE949E300763D78 /* PBXContainerItemProxy */ = {
			isa = PBXContainerItemProxy;
			containerPortal = A36988801FDD975900E8B97B /* Project object */;
			proxyType = 1;
			remoteGlobalIDString = A36988871FDD975900E8B97B;
			remoteInfo = Conversores;
		};
/* End PBXContainerItemProxy section */

/* Begin PBXFileReference section */
		A34A02391FE949E300763D78 /* ConversoresUITests.xctest */ = {isa = PBXFileReference; explicitFileType = wrapper.cfbundle; includeInIndex = 0; path = ConversoresUITests.xctest; sourceTree = BUILT_PRODUCTS_DIR; };
		A34A023B1FE949E300763D78 /* ConversoresUITests.swift */ = {isa = PBXFileReference; lastKnownFileType = sourcecode.swift; path = ConversoresUITests.swift; sourceTree = "<group>"; };
		A34A023D1FE949E300763D78 /* Info.plist */ = {isa = PBXFileReference; lastKnownFileType = text.plist.xml; path = Info.plist; sourceTree = "<group>"; };
		A36988881FDD975900E8B97B /* Conversores.app */ = {isa = PBXFileReference; explicitFileType = wrapper.application; includeInIndex = 0; path = Conversores.app; sourceTree = BUILT_PRODUCTS_DIR; };
		A369888B1FDD975900E8B97B /* AppDelegate.swift */ = {isa = PBXFileReference; lastKnownFileType = sourcecode.swift; path = AppDelegate.swift; sourceTree = "<group>"; };
		A369888D1FDD975900E8B97B /* ViewController.swift */ = {isa = PBXFileReference; lastKnownFileType = sourcecode.swift; path = ViewController.swift; sourceTree = "<group>"; };
		A36988901FDD975900E8B97B /* Base */ = {isa = PBXFileReference; lastKnownFileType = file.storyboard; name = Base; path = Base.lproj/Main.storyboard; sourceTree = "<group>"; };
		A36988921FDD975900E8B97B /* Assets.xcassets */ = {isa = PBXFileReference; lastKnownFileType = folder.assetcatalog; path = Assets.xcassets; sourceTree = "<group>"; };
		A36988951FDD975900E8B97B /* Base */ = {isa = PBXFileReference; lastKnownFileType = file.storyboard; name = Base; path = Base.lproj/LaunchScreen.storyboard; sourceTree = "<group>"; };
		A36988971FDD975900E8B97B /* Info.plist */ = {isa = PBXFileReference; lastKnownFileType = text.plist.xml; path = Info.plist; sourceTree = "<group>"; };
/* End PBXFileReference section */

/* Begin PBXFrameworksBuildPhase section */
		A34A02361FE949E300763D78 /* Frameworks */ = {
			isa = PBXFrameworksBuildPhase;
			buildActionMask = 2147483647;
			files = (
			);
			runOnlyForDeploymentPostprocessing = 0;
		};
		A36988851FDD975900E8B97B /* Frameworks */ = {
			isa = PBXFrameworksBuildPhase;
			buildActionMask = 2147483647;
			files = (
			);
			runOnlyForDeploymentPostprocessing = 0;
		};
/* End PBXFrameworksBuildPhase section */

/* Begin PBXGroup section */
		A34A023A1FE949E300763D78 /* ConversoresUITests */ = {
			isa = PBXGroup;
			children = (
				A34A023B1FE949E300763D78 /* ConversoresUITests.swift */,
				A34A023D1FE949E300763D78 /* Info.plist */,
			);
			path = ConversoresUITests;
			sourceTree = "<group>";
		};
		A369887F1FDD975900E8B97B = {
			isa = PBXGroup;
			children = (
				A369888A1FDD975900E8B97B /* Conversores */,
				A34A023A1FE949E300763D78 /* ConversoresUITests */,
				A36988891FDD975900E8B97B /* Products */,
			);
			sourceTree = "<group>";
		};
		A36988891FDD975900E8B97B /* Products */ = {
			isa = PBXGroup;
			children = (
				A36988881FDD975900E8B97B /* Conversores.app */,
				A34A02391FE949E300763D78 /* ConversoresUITests.xctest */,
			);
			name = Products;
			sourceTree = "<group>";
		};
		A369888A1FDD975900E8B97B /* Conversores */ = {
			isa = PBXGroup;
			children = (
				A369888B1FDD975900E8B97B /* AppDelegate.swift */,
				A369888D1FDD975900E8B97B /* ViewController.swift */,
				A369888F1FDD975900E8B97B /* Main.storyboard */,
				A36988921FDD975900E8B97B /* Assets.xcassets */,
				A36988941FDD975900E8B97B /* LaunchScreen.storyboard */,
				A36988971FDD975900E8B97B /* Info.plist */,
			);
			path = Conversores;
			sourceTree = "<group>";
		};
/* End PBXGroup section */

/* Begin PBXNativeTarget section */
		A34A02381FE949E300763D78 /* ConversoresUITests */ = {
			isa = PBXNativeTarget;
			buildConfigurationList = A34A02421FE949E300763D78 /* Build configuration list for PBXNativeTarget "ConversoresUITests" */;
			buildPhases = (
				A34A02351FE949E300763D78 /* Sources */,
				A34A02361FE949E300763D78 /* Frameworks */,
				A34A02371FE949E300763D78 /* Resources */,
			);
			buildRules = (
			);
			dependencies = (
				A34A023F1FE949E300763D78 /* PBXTargetDependency */,
			);
			name = ConversoresUITests;
			productName = ConversoresUITests;
			productReference = A34A02391FE949E300763D78 /* ConversoresUITests.xctest */;
			productType = "com.apple.product-type.bundle.ui-testing";
		};
		A36988871FDD975900E8B97B /* Conversores */ = {
			isa = PBXNativeTarget;
			buildConfigurationList = A369889A1FDD975900E8B97B /* Build configuration list for PBXNativeTarget "Conversores" */;
			buildPhases = (
				A36988841FDD975900E8B97B /* Sources */,
				A36988851FDD975900E8B97B /* Frameworks */,
				A36988861FDD975900E8B97B /* Resources */,
			);
			buildRules = (
			);
			dependencies = (
			);
			name = Conversores;
			productName = Conversores;
			productReference = A36988881FDD975900E8B97B /* Conversores.app */;
			productType = "com.apple.product-type.application";
		};
/* End PBXNativeTarget section */

/* Begin PBXProject section */
		A36988801FDD975900E8B97B /* Project object */ = {
			isa = PBXProject;
			attributes = {
				LastSwiftUpdateCheck = 0830;
				LastUpgradeCheck = 0830;
				ORGANIZATIONNAME = "Vinicius Tenorio";
				TargetAttributes = {
					A34A02381FE949E300763D78 = {
						CreatedOnToolsVersion = 8.3.3;
						ProvisioningStyle = Automatic;
						TestTargetID = A36988871FDD975900E8B97B;
					};
					A36988871FDD975900E8B97B = {
						CreatedOnToolsVersion = 8.3.3;
						ProvisioningStyle = Automatic;
					};
				};
			};
			buildConfigurationList = A36988831FDD975900E8B97B /* Build configuration list for PBXProject "Conversores" */;
			compatibilityVersion = "Xcode 3.2";
			developmentRegion = English;
			hasScannedForEncodings = 0;
			knownRegions = (
				en,
				Base,
			);
			mainGroup = A369887F1FDD975900E8B97B;
			productRefGroup = A36988891FDD975900E8B97B /* Products */;
			projectDirPath = "";
			projectRoot = "";
			targets = (
				A36988871FDD975900E8B97B /* Conversores */,
				A34A02381FE949E300763D78 /* ConversoresUITests */,
			);
		};
/* End PBXProject section */

/* Begin PBXResourcesBuildPhase section */
		A34A02371FE949E300763D78 /* Resources */ = {
			isa = PBXResourcesBuildPhase;
			buildActionMask = 2147483647;
			files = (
			);
			runOnlyForDeploymentPostprocessing = 0;
		};
		A36988861FDD975900E8B97B /* Resources */ = {
			isa = PBXResourcesBuildPhase;
			buildActionMask = 2147483647;
			files = (
				A36988961FDD975900E8B97B /* LaunchScreen.storyboard in Resources */,
				A36988931FDD975900E8B97B /* Assets.xcassets in Resources */,
				A36988911FDD975900E8B97B /* Main.storyboard in Resources */,
			);
			runOnlyForDeploymentPostprocessing = 0;
		};
/* End PBXResourcesBuildPhase section */

/* Begin PBXSourcesBuildPhase section */
		A34A02351FE949E300763D78 /* Sources */ = {
			isa = PBXSourcesBuildPhase;
			buildActionMask = 2147483647;
			files = (
				A34A023C1FE949E300763D78 /* ConversoresUITests.swift in Sources */,
			);
			runOnlyForDeploymentPostprocessing = 0;
		};
		A36988841FDD975900E8B97B /* Sources */ = {
			isa = PBXSourcesBuildPhase;
			buildActionMask = 2147483647;
			files = (
				A369888E1FDD975900E8B97B /* ViewController.swift in Sources */,
				A369888C1FDD975900E8B97B /* AppDelegate.swift in Sources */,
			);
			runOnlyForDeploymentPostprocessing = 0;
		};
/* End PBXSourcesBuildPhase section */

/* Begin PBXTargetDependency section */
		A34A023F1FE949E300763D78 /* PBXTargetDependency */ = {
			isa = PBXTargetDependency;
			target = A36988871FDD975900E8B97B /* Conversores */;
			targetProxy = A34A023E1FE949E300763D78 /* PBXContainerItemProxy */;
		};
/* End PBXTargetDependency section */

/* Begin PBXVariantGroup section */
		A369888F1FDD975900E8B97B /* Main.storyboard */ = {
			isa = PBXVariantGroup;
			children = (
				A36988901FDD975900E8B97B /* Base */,
			);
			name = Main.storyboard;
			sourceTree = "<group>";
		};
		A36988941FDD975900E8B97B /* LaunchScreen.storyboard */ = {
			isa = PBXVariantGroup;
			children = (
				A36988951FDD975900E8B97B /* Base */,
			);
			name = LaunchScreen.storyboard;
			sourceTree = "<group>";
		};
/* End PBXVariantGroup section */

/* Begin XCBuildConfiguration section */
		A34A02401FE949E300763D78 /* Debug */ = {
			isa = XCBuildConfiguration;
			buildSettings = {
				INFOPLIST_FILE = ConversoresUITests/Info.plist;
				LD_RUNPATH_SEARCH_PATHS = "$(inherited) @executable_path/Frameworks @loader_path/Frameworks";
				PRODUCT_BUNDLE_IDENTIFIER = com.vinicius.ConversoresUITests;
				PRODUCT_NAME = "$(TARGET_NAME)";
				SWIFT_VERSION = 3.0;
				TEST_TARGET_NAME = Conversores;
			};
			name = Debug;
		};
		A34A02411FE949E300763D78 /* Release */ = {
			isa = XCBuildConfiguration;
			buildSettings = {
				INFOPLIST_FILE = ConversoresUITests/Info.plist;
				LD_RUNPATH_SEARCH_PATHS = "$(inherited) @executable_path/Frameworks @loader_path/Frameworks";
				PRODUCT_BUNDLE_IDENTIFIER = com.vinicius.ConversoresUITests;
				PRODUCT_NAME = "$(TARGET_NAME)";
				SWIFT_VERSION = 3.0;
				TEST_TARGET_NAME = Conversores;
			};
			name = Release;
		};
		A36988981FDD975900E8B97B /* Debug */ = {
			isa = XCBuildConfiguration;
			buildSettings = {
				ALWAYS_SEARCH_USER_PATHS = NO;
				CLANG_ANALYZER_NONNULL = YES;
				CLANG_ANALYZER_NUMBER_OBJECT_CONVERSION = YES_AGGRESSIVE;
				CLANG_CXX_LANGUAGE_STANDARD = "gnu++0x";
				CLANG_CXX_LIBRARY = "libc++";
				CLANG_ENABLE_MODULES = YES;
				CLANG_ENABLE_OBJC_ARC = YES;
				CLANG_WARN_BOOL_CONVERSION = YES;
				CLANG_WARN_CONSTANT_CONVERSION = YES;
				CLANG_WARN_DIRECT_OBJC_ISA_USAGE = YES_ERROR;
				CLANG_WARN_DOCUMENTATION_COMMENTS = YES;
				CLANG_WARN_EMPTY_BODY = YES;
				CLANG_WARN_ENUM_CONVERSION = YES;
				CLANG_WARN_INFINITE_RECURSION = YES;
				CLANG_WARN_INT_CONVERSION = YES;
				CLANG_WARN_OBJC_ROOT_CLASS = YES_ERROR;
				CLANG_WARN_SUSPICIOUS_MOVE = YES;
				CLANG_WARN_UNREACHABLE_CODE = YES;
				CLANG_WARN__DUPLICATE_METHOD_MATCH = YES;
				"CODE_SIGN_IDENTITY[sdk=iphoneos*]" = "iPhone Developer";
				COPY_PHASE_STRIP = NO;
				DEBUG_INFORMATION_FORMAT = dwarf;
				ENABLE_STRICT_OBJC_MSGSEND = YES;
				ENABLE_TESTABILITY = YES;
				GCC_C_LANGUAGE_STANDARD = gnu99;
				GCC_DYNAMIC_NO_PIC = NO;
				GCC_NO_COMMON_BLOCKS = YES;
				GCC_OPTIMIZATION_LEVEL = 0;
				GCC_PREPROCESSOR_DEFINITIONS = (
					"DEBUG=1",
					"$(inherited)",
				);
				GCC_WARN_64_TO_32_BIT_CONVERSION = YES;
				GCC_WARN_ABOUT_RETURN_TYPE = YES_ERROR;
				GCC_WARN_UNDECLARED_SELECTOR = YES;
				GCC_WARN_UNINITIALIZED_AUTOS = YES_AGGRESSIVE;
				GCC_WARN_UNUSED_FUNCTION = YES;
				GCC_WARN_UNUSED_VARIABLE = YES;
				IPHONEOS_DEPLOYMENT_TARGET = 10.3;
				MTL_ENABLE_DEBUG_INFO = YES;
				ONLY_ACTIVE_ARCH = YES;
				SDKROOT = iphoneos;
				SWIFT_ACTIVE_COMPILATION_CONDITIONS = DEBUG;
				SWIFT_OPTIMIZATION_LEVEL = "-Onone";
				TARGETED_DEVICE_FAMILY = "1,2";
			};
			name = Debug;
		};
		A36988991FDD975900E8B97B /* Release */ = {
			isa = XCBuildConfiguration;
			buildSettings = {
				ALWAYS_SEARCH_USER_PATHS = NO;
				CLANG_ANALYZER_NONNULL = YES;
				CLANG_ANALYZER_NUMBER_OBJECT_CONVERSION = YES_AGGRESSIVE;
				CLANG_CXX_LANGUAGE_STANDARD = "gnu++0x";
				CLANG_CXX_LIBRARY = "libc++";
				CLANG_ENABLE_MODULES = YES;
				CLANG_ENABLE_OBJC_ARC = YES;
				CLANG_WARN_BOOL_CONVERSION = YES;
				CLANG_WARN_CONSTANT_CONVERSION = YES;
				CLANG_WARN_DIRECT_OBJC_ISA_USAGE = YES_ERROR;
				CLANG_WARN_DOCUMENTATION_COMMENTS = YES;
				CLANG_WARN_EMPTY_BODY = YES;
				CLANG_WARN_ENUM_CONVERSION = YES;
				CLANG_WARN_INFINITE_RECURSION = YES;
				CLANG_WARN_INT_CONVERSION = YES;
				CLANG_WARN_OBJC_ROOT_CLASS = YES_ERROR;
				CLANG_WARN_SUSPICIOUS_MOVE = YES;
				CLANG_WARN_UNREACHABLE_CODE = YES;
				CLANG_WARN__DUPLICATE_METHOD_MATCH = YES;
				"CODE_SIGN_IDENTITY[sdk=iphoneos*]" = "iPhone Developer";
				COPY_PHASE_STRIP = NO;
				DEBUG_INFORMATION_FORMAT = "dwarf-with-dsym";
				ENABLE_NS_ASSERTIONS = NO;
				ENABLE_STRICT_OBJC_MSGSEND = YES;
				GCC_C_LANGUAGE_STANDARD = gnu99;
				GCC_NO_COMMON_BLOCKS = YES;
				GCC_WARN_64_TO_32_BIT_CONVERSION = YES;
				GCC_WARN_ABOUT_RETURN_TYPE = YES_ERROR;
				GCC_WARN_UNDECLARED_SELECTOR = YES;
				GCC_WARN_UNINITIALIZED_AUTOS = YES_AGGRESSIVE;
				GCC_WARN_UNUSED_FUNCTION = YES;
				GCC_WARN_UNUSED_VARIABLE = YES;
				IPHONEOS_DEPLOYMENT_TARGET = 10.3;
				MTL_ENABLE_DEBUG_INFO = NO;
				SDKROOT = iphoneos;
				SWIFT_OPTIMIZATION_LEVEL = "-Owholemodule";
				TARGETED_DEVICE_FAMILY = "1,2";
				VALIDATE_PRODUCT = YES;
			};
			name = Release;
		};
		A369889B1FDD975900E8B97B /* Debug */ = {
			isa = XCBuildConfiguration;
			buildSettings = {
				ASSETCATALOG_COMPILER_APPICON_NAME = AppIcon;
				INFOPLIST_FILE = Conversores/Info.plist;
				LD_RUNPATH_SEARCH_PATHS = "$(inherited) @executable_path/Frameworks";
				PRODUCT_BUNDLE_IDENTIFIER = com.vinicius.Conversores;
				PRODUCT_NAME = "$(TARGET_NAME)";
				SWIFT_VERSION = 3.0;
			};
			name = Debug;
		};
		A369889C1FDD975900E8B97B /* Release */ = {
			isa = XCBuildConfiguration;
			buildSettings = {
				ASSETCATALOG_COMPILER_APPICON_NAME = AppIcon;
				INFOPLIST_FILE = Conversores/Info.plist;
				LD_RUNPATH_SEARCH_PATHS = "$(inherited) @executable_path/Frameworks";
				PRODUCT_BUNDLE_IDENTIFIER = com.vinicius.Conversores;
				PRODUCT_NAME = "$(TARGET_NAME)";
				SWIFT_VERSION = 3.0;
			};
			name = Release;
		};
/* End XCBuildConfiguration section */

/* Begin XCConfigurationList section */
		A34A02421FE949E300763D78 /* Build configuration list for PBXNativeTarget "ConversoresUITests" */ = {
			isa = XCConfigurationList;
			buildConfigurations = (
				A34A02401FE949E300763D78 /* Debug */,
				A34A02411FE949E300763D78 /* Release */,
			);
			defaultConfigurationIsVisible = 0;
		};
		A36988831FDD975900E8B97B /* Build configuration list for PBXProject "Conversores" */ = {
			isa = XCConfigurationList;
			buildConfigurations = (
				A36988981FDD975900E8B97B /* Debug */,
				A36988991FDD975900E8B97B /* Release */,
			);
			defaultConfigurationIsVisible = 0;
			defaultConfigurationName = Release;
		};
		A369889A1FDD975900E8B97B /* Build configuration list for PBXNativeTarget "Conversores" */ = {
			isa = XCConfigurationList;
			buildConfigurations = (
				A369889B1FDD975900E8B97B /* Debug */,
				A369889C1FDD975900E8B97B /* Release */,
			);
			defaultConfigurationIsVisible = 0;
			defaultConfigurationName = Release;
		};
/* End XCConfigurationList section */
	};
	rootObject = A36988801FDD975900E8B97B /* Project object */;
}
